
Microsoft Visual Studio Solution File, Format Version 12.00
# Visual Studio Version 17
VisualStudioVersion = 17.7.34024.191
MinimumVisualStudioVersion = 10.0.40219.1
Project("{FAE04EC0-301F-11D3-BF4B-00C04F79EFBC}") = "SistemaControleBiblioteca", "SistemaControleBiblioteca\SistemaControleBiblioteca.csproj", "{04C2AED6-58CC-4F5E-B66C-5E22E656B89B}"
EndProject
Global
	GlobalSection(SolutionConfigurationPlatforms) = preSolution
		Debug|Any CPU = Debug|Any CPU
		Release|Any CPU = Release|Any CPU
	EndGlobalSection
	GlobalSection(ProjectConfigurationPlatforms) = postSolution
		{04C2AED6-58CC-4F5E-B66C-5E22E656B89B}.Debug|Any CPU.ActiveCfg = Debug|Any CPU
		{04C2AED6-58CC-4F5E-B66C-5E22E656B89B}.Debug|Any CPU.Build.0 = Debug|Any CPU
		{04C2AED6-58CC-4F5E-B66C-5E22E656B89B}.Release|Any CPU.ActiveCfg = Release|Any CPU
		{04C2AED6-58CC-4F5E-B66C-5E22E656B89B}.Release|Any CPU.Build.0 = Release|Any CPU
	EndGlobalSection
	GlobalSection(SolutionProperties) = preSolution
		HideSolutionNode = FALSE
	EndGlobalSection
	GlobalSection(ExtensibilityGlobals) = postSolution
		SolutionGuid = {93A2E918-C619-4132-854B-E743BC36F666}
	EndGlobalSection
EndGlobal
